
Microsoft Visual Studio Solution File, Format Version 12.00
# Visual Studio Version 17
VisualStudioVersion = 17.3.32922.545
MinimumVisualStudioVersion = 10.0.40219.1
Project("{FAE04EC0-301F-11D3-BF4B-00C04F79EFBC}") = "VSSwitcher", "VSSwitcher\VSSwitcher.csproj", "{39A4ED4B-4FE1-4E8E-81A7-CF61ACAE93EF}"
EndProject
Project("{2150E333-8FDC-42A3-9474-1A3956D46DE8}") = "Files", "Files", "{C28E27DE-0D86-45C6-B196-A322D7B8F1A5}"
	ProjectSection(SolutionItems) = preProject
		TODO.md = TODO.md
	EndProjectSection
EndProject
Global
	GlobalSection(SolutionConfigurationPlatforms) = preSolution
		Debug (args)|Any CPU = Debug (args)|Any CPU
		Debug|Any CPU = Debug|Any CPU
		Release|Any CPU = Release|Any CPU
	EndGlobalSection
	GlobalSection(ProjectConfigurationPlatforms) = postSolution
		{39A4ED4B-4FE1-4E8E-81A7-CF61ACAE93EF}.Debug (args)|Any CPU.ActiveCfg = Debug (args)|Any CPU
		{39A4ED4B-4FE1-4E8E-81A7-CF61ACAE93EF}.Debug (args)|Any CPU.Build.0 = Debug (args)|Any CPU
		{39A4ED4B-4FE1-4E8E-81A7-CF61ACAE93EF}.Debug|Any CPU.ActiveCfg = Debug|Any CPU
		{39A4ED4B-4FE1-4E8E-81A7-CF61ACAE93EF}.Debug|Any CPU.Build.0 = Debug|Any CPU
		{39A4ED4B-4FE1-4E8E-81A7-CF61ACAE93EF}.Release|Any CPU.ActiveCfg = Release|Any CPU
		{39A4ED4B-4FE1-4E8E-81A7-CF61ACAE93EF}.Release|Any CPU.Build.0 = Release|Any CPU
	EndGlobalSection
	GlobalSection(SolutionProperties) = preSolution
		HideSolutionNode = FALSE
	EndGlobalSection
	GlobalSection(ExtensibilityGlobals) = postSolution
		SolutionGuid = {5BD562F1-F099-4A4B-AA9A-E322B3A2036C}
	EndGlobalSection
EndGlobal
